
Microsoft Visual Studio Solution File, Format Version 12.00
# Visual Studio Version 17
VisualStudioVersion = 17.0.31903.59
MinimumVisualStudioVersion = 10.0.40219.1
Project("{FAE04EC0-301F-11D3-BF4B-00C04F79EFBC}") = "CustomerManagement.Api", "CustomerManagement.Api\CustomerManagement.Api.csproj", "{1D618C49-11CE-4F58-8E11-0941DF1278BC}"
EndProject
Project("{FAE04EC0-301F-11D3-BF4B-00C04F79EFBC}") = "CustomerManagement.Business", "CustomerManagement.Business\CustomerManagement.Business.csproj", "{58723C7E-D2FB-43B3-91CC-C41735401E1E}"
EndProject
Project("{FAE04EC0-301F-11D3-BF4B-00C04F79EFBC}") = "CustomerManagement.Domain", "CustomerManagement.Domain\CustomerManagement.Domain.csproj", "{6F5D5BFE-2D26-4374-89E1-630A6174B60E}"
EndProject
Project("{FAE04EC0-301F-11D3-BF4B-00C04F79EFBC}") = "CustomerManagement.Persistence", "CustomerManagement.Persistence\CustomerManagement.Persistence.csproj", "{AE8DE12C-ECD5-40C2-B3B0-AE7BECA24F5F}"
EndProject
Global
	GlobalSection(SolutionConfigurationPlatforms) = preSolution
		Debug|Any CPU = Debug|Any CPU
		Debug|x64 = Debug|x64
		Debug|x86 = Debug|x86
		Release|Any CPU = Release|Any CPU
		Release|x64 = Release|x64
		Release|x86 = Release|x86
	EndGlobalSection
	GlobalSection(ProjectConfigurationPlatforms) = postSolution
		{1D618C49-11CE-4F58-8E11-0941DF1278BC}.Debug|Any CPU.ActiveCfg = Debug|Any CPU
		{1D618C49-11CE-4F58-8E11-0941DF1278BC}.Debug|Any CPU.Build.0 = Debug|Any CPU
		{1D618C49-11CE-4F58-8E11-0941DF1278BC}.Debug|x64.ActiveCfg = Debug|Any CPU
		{1D618C49-11CE-4F58-8E11-0941DF1278BC}.Debug|x64.Build.0 = Debug|Any CPU
		{1D618C49-11CE-4F58-8E11-0941DF1278BC}.Debug|x86.ActiveCfg = Debug|Any CPU
		{1D618C49-11CE-4F58-8E11-0941DF1278BC}.Debug|x86.Build.0 = Debug|Any CPU
		{1D618C49-11CE-4F58-8E11-0941DF1278BC}.Release|Any CPU.ActiveCfg = Release|Any CPU
		{1D618C49-11CE-4F58-8E11-0941DF1278BC}.Release|Any CPU.Build.0 = Release|Any CPU
		{1D618C49-11CE-4F58-8E11-0941DF1278BC}.Release|x64.ActiveCfg = Release|Any CPU
		{1D618C49-11CE-4F58-8E11-0941DF1278BC}.Release|x64.Build.0 = Release|Any CPU
		{1D618C49-11CE-4F58-8E11-0941DF1278BC}.Release|x86.ActiveCfg = Release|Any CPU
		{1D618C49-11CE-4F58-8E11-0941DF1278BC}.Release|x86.Build.0 = Release|Any CPU
		{58723C7E-D2FB-43B3-91CC-C41735401E1E}.Debug|Any CPU.ActiveCfg = Debug|Any CPU
		{58723C7E-D2FB-43B3-91CC-C41735401E1E}.Debug|Any CPU.Build.0 = Debug|Any CPU
		{58723C7E-D2FB-43B3-91CC-C41735401E1E}.Debug|x64.ActiveCfg = Debug|Any CPU
		{58723C7E-D2FB-43B3-91CC-C41735401E1E}.Debug|x64.Build.0 = Debug|Any CPU
		{58723C7E-D2FB-43B3-91CC-C41735401E1E}.Debug|x86.ActiveCfg = Debug|Any CPU
		{58723C7E-D2FB-43B3-91CC-C41735401E1E}.Debug|x86.Build.0 = Debug|Any CPU
		{58723C7E-D2FB-43B3-91CC-C41735401E1E}.Release|Any CPU.ActiveCfg = Release|Any CPU
		{58723C7E-D2FB-43B3-91CC-C41735401E1E}.Release|Any CPU.Build.0 = Release|Any CPU
		{58723C7E-D2FB-43B3-91CC-C41735401E1E}.Release|x64.ActiveCfg = Release|Any CPU
		{58723C7E-D2FB-43B3-91CC-C41735401E1E}.Release|x64.Build.0 = Release|Any CPU
		{58723C7E-D2FB-43B3-91CC-C41735401E1E}.Release|x86.ActiveCfg = Release|Any CPU
		{58723C7E-D2FB-43B3-91CC-C41735401E1E}.Release|x86.Build.0 = Release|Any CPU
		{6F5D5BFE-2D26-4374-89E1-630A6174B60E}.Debug|Any CPU.ActiveCfg = Debug|Any CPU
		{6F5D5BFE-2D26-4374-89E1-630A6174B60E}.Debug|Any CPU.Build.0 = Debug|Any CPU
		{6F5D5BFE-2D26-4374-89E1-630A6174B60E}.Debug|x64.ActiveCfg = Debug|Any CPU
		{6F5D5BFE-2D26-4374-89E1-630A6174B60E}.Debug|x64.Build.0 = Debug|Any CPU
		{6F5D5BFE-2D26-4374-89E1-630A6174B60E}.Debug|x86.ActiveCfg = Debug|Any CPU
		{6F5D5BFE-2D26-4374-89E1-630A6174B60E}.Debug|x86.Build.0 = Debug|Any CPU
		{6F5D5BFE-2D26-4374-89E1-630A6174B60E}.Release|Any CPU.ActiveCfg = Release|Any CPU
		{6F5D5BFE-2D26-4374-89E1-630A6174B60E}.Release|Any CPU.Build.0 = Release|Any CPU
		{6F5D5BFE-2D26-4374-89E1-630A6174B60E}.Release|x64.ActiveCfg = Release|Any CPU
		{6F5D5BFE-2D26-4374-89E1-630A6174B60E}.Release|x64.Build.0 = Release|Any CPU
		{6F5D5BFE-2D26-4374-89E1-630A6174B60E}.Release|x86.ActiveCfg = Release|Any CPU
		{6F5D5BFE-2D26-4374-89E1-630A6174B60E}.Release|x86.Build.0 = Release|Any CPU
		{AE8DE12C-ECD5-40C2-B3B0-AE7BECA24F5F}.Debug|Any CPU.ActiveCfg = Debug|Any CPU
		{AE8DE12C-ECD5-40C2-B3B0-AE7BECA24F5F}.Debug|Any CPU.Build.0 = Debug|Any CPU
		{AE8DE12C-ECD5-40C2-B3B0-AE7BECA24F5F}.Debug|x64.ActiveCfg = Debug|Any CPU
		{AE8DE12C-ECD5-40C2-B3B0-AE7BECA24F5F}.Debug|x64.Build.0 = Debug|Any CPU
		{AE8DE12C-ECD5-40C2-B3B0-AE7BECA24F5F}.Debug|x86.ActiveCfg = Debug|Any CPU
		{AE8DE12C-ECD5-40C2-B3B0-AE7BECA24F5F}.Debug|x86.Build.0 = Debug|Any CPU
		{AE8DE12C-ECD5-40C2-B3B0-AE7BECA24F5F}.Release|Any CPU.ActiveCfg = Release|Any CPU
		{AE8DE12C-ECD5-40C2-B3B0-AE7BECA24F5F}.Release|Any CPU.Build.0 = Release|Any CPU
		{AE8DE12C-ECD5-40C2-B3B0-AE7BECA24F5F}.Release|x64.ActiveCfg = Release|Any CPU
		{AE8DE12C-ECD5-40C2-B3B0-AE7BECA24F5F}.Release|x64.Build.0 = Release|Any CPU
		{AE8DE12C-ECD5-40C2-B3B0-AE7BECA24F5F}.Release|x86.ActiveCfg = Release|Any CPU
		{AE8DE12C-ECD5-40C2-B3B0-AE7BECA24F5F}.Release|x86.Build.0 = Release|Any CPU
	EndGlobalSection
	GlobalSection(SolutionProperties) = preSolution
		HideSolutionNode = FALSE
	EndGlobalSection
EndGlobal
